
Microsoft Visual Studio Solution File, Format Version 12.00
# Visual Studio Version 16
VisualStudioVersion = 16.0.31911.196
MinimumVisualStudioVersion = 10.0.40219.1
Project("{8BC9CEB8-8B4A-11D0-8D11-00A0C91BC942}") = "TheWorld_GDN_Viewer", "TheWorld_GDN_Viewer\TheWorld_GDN_Viewer.vcxproj", "{5DFF2AD4-C5AF-4CE4-84D0-9BE41D12C758}"
EndProject
Global
	GlobalSection(SolutionConfigurationPlatforms) = preSolution
		Debug|x64 = Debug|x64
		Debug|x86 = Debug|x86
		Release|x64 = Release|x64
		Release|x86 = Release|x86
	EndGlobalSection
	GlobalSection(ProjectConfigurationPlatforms) = postSolution
		{5DFF2AD4-C5AF-4CE4-84D0-9BE41D12C758}.Debug|x64.ActiveCfg = Debug|x64
		{5DFF2AD4-C5AF-4CE4-84D0-9BE41D12C758}.Debug|x64.Build.0 = Debug|x64
		{5DFF2AD4-C5AF-4CE4-84D0-9BE41D12C758}.Debug|x86.ActiveCfg = Debug|Win32
		{5DFF2AD4-C5AF-4CE4-84D0-9BE41D12C758}.Debug|x86.Build.0 = Debug|Win32
		{5DFF2AD4-C5AF-4CE4-84D0-9BE41D12C758}.Release|x64.ActiveCfg = Release|x64
		{5DFF2AD4-C5AF-4CE4-84D0-9BE41D12C758}.Release|x64.Build.0 = Release|x64
		{5DFF2AD4-C5AF-4CE4-84D0-9BE41D12C758}.Release|x86.ActiveCfg = Release|Win32
		{5DFF2AD4-C5AF-4CE4-84D0-9BE41D12C758}.Release|x86.Build.0 = Release|Win32
	EndGlobalSection
	GlobalSection(SolutionProperties) = preSolution
		HideSolutionNode = FALSE
	EndGlobalSection
	GlobalSection(ExtensibilityGlobals) = postSolution
		SolutionGuid = {C828001B-ACAE-44F4-AE44-FC200E55739B}
	EndGlobalSection
EndGlobal
